# This file is autogenerated, do not edit; changes may be undone by the next 'dep ensure'.


[[projects]]
  digest = "1:98f992abe855183c4f7c870db2d0538439e023bda12278e87e3e26183c9dd499"
  name = "github.com/Depado/bfchroma"
  packages = ["."]
  pruneopts = "UT"
  revision = "b3ac81f5aa0e881a9e9ab1f7d4983c12a3a5d37f"
  version = "v1.1.2"

[[projects]]
  digest = "1:c8ecb1984606eb58419ab440aff4ee5b7ce3b42a1677b5c7d32a3c6864f79e43"
  name = "github.com/alecthomas/chroma"
  packages = [
    ".",
    "formatters/html",
    "lexers",
    "lexers/a",
    "lexers/b",
    "lexers/c",
    "lexers/d",
    "lexers/e",
    "lexers/f",
    "lexers/g",
    "lexers/h",
    "lexers/i",
    "lexers/internal",
    "lexers/j",
    "lexers/k",
    "lexers/l",
    "lexers/m",
    "lexers/n",
    "lexers/o",
    "lexers/p",
    "lexers/q",
    "lexers/r",
    "lexers/s",
    "lexers/t",
    "lexers/v",
    "lexers/w",
    "lexers/x",
    "lexers/y",
    "styles",
  ]
  pruneopts = "UT"
  revision = "3020e2ea8c6b1a9c2336022d847c4392c3997f02"
  version = "v0.4.0"

[[projects]]
  branch = "master"
  digest = "1:710109527a119c813d4fac773712dd92f449ed7c2f7b81f49822f94d290c8f72"
  name = "github.com/danwakefield/fnmatch"
  packages = ["."]
  pruneopts = "UT"
  revision = "cbb64ac3d964b81592e64f957ad53df015803288"

[[projects]]
  digest = "1:26d73f0911e537e89d04011f7a65a5cd2d28113d551d4366480b4706b2833e3a"
  name = "github.com/dlclark/regexp2"
  packages = [
    ".",
    "syntax",
  ]
  pruneopts = "UT"
  revision = "92c702aa5812963ef9193a9624191932d44073d7"
  version = "v1.2.0"

[[projects]]
  branch = "master"
  digest = "1:347a47a30a4a043ad7f08d09a60cc002717b39f9f1414e0ebfc01e4753477683"
  name = "github.com/dpb587/tsg"
  packages = [
    "pkg/dataset/iso3166",
    "pkg/frontend/handler",
    "pkg/frontend/request",
    "pkg/frontend/router",
    "pkg/frontend/searchutil",
    "pkg/frontend/template",
    "pkg/graph",
    "pkg/graph/dataset/filesystem",
    "pkg/graph/dataset/multiple",
    "pkg/graph/dataset/transformer",
    "pkg/graph/dpb587githubiotsg",
    "pkg/graph/dpb587githubiotsg/dpb587githubiotsgproperty",
    "pkg/graph/encoding/frontmatteryaml",
    "pkg/graph/encoding/jsonld",
    "pkg/graph/index",
    "pkg/graph/index/inmemory",
    "pkg/graph/node",
    "pkg/graph/schemaorg",
    "pkg/graph/schemaorg/schemaorgproperty",
    "pkg/graph/schemaorg/schemaorgtype",
    "pkg/graph/schemaorg/webpagebuilder",
    "pkg/util/httputil",
    "pkg/util/urlutil",
  ]
  pruneopts = "UT"
  revision = "b17395a6cbc6efb34ff49d9c1bebf416a6500e8b"

[[projects]]
  digest = "1:bbf1938a309bd40d0445d4828f76dd64a325518862a12c859b153af46e909bea"
  name = "github.com/gohugoio/hugo"
  packages = ["common/math"]
  pruneopts = "UT"
  revision = "64d8bf1ee9befc665222c05f62cfa310592e0705"
  version = "v0.58.0"

[[projects]]
  digest = "1:b117faf01abdbdadd7b8ceeae74cd1369c1b073fef41aee8b674c9d704a54c16"
  name = "github.com/gorilla/handlers"
  packages = ["."]
  pruneopts = "UT"
  revision = "8a3748addc242fc560bd6d4ff28b0374c010b1b4"
  version = "v1.4.2"

[[projects]]
  digest = "1:cbec35fe4d5a4fba369a656a8cd65e244ea2c743007d8f6c1ccb132acf9d1296"
  name = "github.com/gorilla/mux"
  packages = ["."]
  pruneopts = "UT"
  revision = "00bdffe0f3c77e27d2cf6f5c70232a2d3e4d9c15"
  version = "v1.7.3"

[[projects]]
  digest = "1:6ff1026b8d873d074ddec82ad60bb0eb537dc013f456ef26b63d30beba2f99e7"
  name = "github.com/microcosm-cc/bluemonday"
  packages = ["."]
  pruneopts = "UT"
  revision = "506f3da9b7c86d737e91f16b7431df8635871552"
  version = "v1.0.2"

[[projects]]
  digest = "1:cf31692c14422fa27c83a05292eb5cbe0fb2775972e8f1f8446a71549bd8980b"
  name = "github.com/pkg/errors"
  packages = ["."]
  pruneopts = "UT"
  revision = "ba968bfe8b2f7e042a574c888954fccecfa385b4"
  version = "v0.8.1"

[[projects]]
  digest = "1:9421f6e9e28ef86933e824b5caff441366f2b69bb281085b9dca40e1f27a1602"
  name = "github.com/shurcooL/sanitized_anchor_name"
  packages = ["."]
  pruneopts = "UT"
  revision = "7bfe4c7ecddb3666a94b053b422cdd8f5aaa3615"
  version = "v1.0.0"

[[projects]]
  branch = "master"
  digest = "1:d7b978a787736537d0ad2f84c0e8b75b05c2febef0537198e28edf1cf2768afd"
  name = "golang.org/x/net"
  packages = [
    "html",
    "html/atom",
  ]
  pruneopts = "UT"
  revision = "ba9fcec4b297b415637633c5a6e8fa592e4a16c3"

[[projects]]
  digest = "1:2ee0f15eb0fb04f918db7c2dcf39745f40d69f798ef171610a730e8a56aaa4fd"
  name = "gopkg.in/russross/blackfriday.v2"
  packages = ["."]
  pruneopts = "UT"
  revision = "d3b5b032dc8e8927d31a5071b56e14c89f045135"
  version = "v2.0.1"

[[projects]]
  digest = "1:4d2e5a73dc1500038e504a8d78b986630e3626dc027bc030ba5c75da257cdb96"
  name = "gopkg.in/yaml.v2"
  packages = ["."]
  pruneopts = "UT"
  revision = "51d6538a90f86fe93ac480b35f37b2be17fef232"
  version = "v2.2.2"

[solve-meta]
  analyzer-name = "dep"
  analyzer-version = 1
  input-imports = [
    "github.com/dpb587/tsg/pkg/frontend/handler",
    "github.com/dpb587/tsg/pkg/frontend/request",
    "github.com/dpb587/tsg/pkg/frontend/router",
    "github.com/dpb587/tsg/pkg/graph",
    "github.com/dpb587/tsg/pkg/graph/dataset/filesystem",
    "github.com/dpb587/tsg/pkg/graph/dataset/multiple",
    "github.com/dpb587/tsg/pkg/graph/dataset/transformer",
    "github.com/dpb587/tsg/pkg/graph/index/inmemory",
    "github.com/dpb587/tsg/pkg/graph/node",
    "github.com/dpb587/tsg/pkg/graph/schemaorg/schemaorgproperty",
    "github.com/dpb587/tsg/pkg/graph/schemaorg/schemaorgtype",
    "github.com/dpb587/tsg/pkg/graph/schemaorg/webpagebuilder",
    "github.com/dpb587/tsg/pkg/util/httputil",
    "github.com/dpb587/tsg/pkg/util/urlutil",
    "github.com/gorilla/handlers",
    "github.com/gorilla/mux",
    "github.com/pkg/errors",
    "gopkg.in/yaml.v2",
  ]
  solver-name = "gps-cdcl"
  solver-version = 1
